{
  "requires": true,
  "lockfileVersion": 1,
  "dependencies": {
    "react-native-maps": {
      "version": "0.22.1",
      "resolved": "https://registry.npmjs.org/react-native-maps/-/react-native-maps-0.22.1.tgz",
      "integrity": "sha512-JjBpAXjzZY8AW4HTcAZxX+cGk6e6i+J5Vd//DViMUe0bRkKKv92ds1W9rqZ+o9PhUqdP++3DvKv0jrB05icqKA=="
    }
  }
}
